
Microsoft Visual Studio Solution File, Format Version 12.00
# Visual Studio Version 17
VisualStudioVersion = 17.4.33213.308
MinimumVisualStudioVersion = 10.0.40219.1
Project("{FAE04EC0-301F-11D3-BF4B-00C04F79EFBC}") = "Genshin Checker", "Genshin Checker\Genshin Checker.csproj", "{1652A9EE-65C1-48F3-8BED-E578EC755C26}"
EndProject
Global
	GlobalSection(SolutionConfigurationPlatforms) = preSolution
		Debug|Any CPU = Debug|Any CPU
		Release|Any CPU = Release|Any CPU
	EndGlobalSection
	GlobalSection(ProjectConfigurationPlatforms) = postSolution
		{1652A9EE-65C1-48F3-8BED-E578EC755C26}.Debug|Any CPU.ActiveCfg = Debug|Any CPU
		{1652A9EE-65C1-48F3-8BED-E578EC755C26}.Debug|Any CPU.Build.0 = Debug|Any CPU
		{1652A9EE-65C1-48F3-8BED-E578EC755C26}.Release|Any CPU.ActiveCfg = Release|Any CPU
		{1652A9EE-65C1-48F3-8BED-E578EC755C26}.Release|Any CPU.Build.0 = Release|Any CPU
	EndGlobalSection
	GlobalSection(SolutionProperties) = preSolution
		HideSolutionNode = FALSE
	EndGlobalSection
	GlobalSection(ExtensibilityGlobals) = postSolution
		SolutionGuid = {D1675269-0000-4D01-B3C0-661E48067981}
	EndGlobalSection
EndGlobal
